
Microsoft Visual Studio Solution File, Format Version 12.00
# Visual Studio 14
VisualStudioVersion = 14.0.25420.1
MinimumVisualStudioVersion = 10.0.40219.1
Project("{FAE04EC0-301F-11D3-BF4B-00C04F79EFBC}") = "DMTools", "DMTools\DMTools.csproj", "{DFB5ED97-9F37-4085-A2D1-9A99E52F191A}"
EndProject
Project("{FAE04EC0-301F-11D3-BF4B-00C04F79EFBC}") = "ParseExcel", "ParseExcel\ParseExcel.csproj", "{9573E67E-3EF4-47FB-9C2A-45B88128EF4F}"
EndProject
Global
	GlobalSection(SolutionConfigurationPlatforms) = preSolution
		Debug|Any CPU = Debug|Any CPU
		Release|Any CPU = Release|Any CPU
	EndGlobalSection
	GlobalSection(ProjectConfigurationPlatforms) = postSolution
		{DFB5ED97-9F37-4085-A2D1-9A99E52F191A}.Debug|Any CPU.ActiveCfg = Debug|Any CPU
		{DFB5ED97-9F37-4085-A2D1-9A99E52F191A}.Debug|Any CPU.Build.0 = Debug|Any CPU
		{DFB5ED97-9F37-4085-A2D1-9A99E52F191A}.Release|Any CPU.ActiveCfg = Release|Any CPU
		{DFB5ED97-9F37-4085-A2D1-9A99E52F191A}.Release|Any CPU.Build.0 = Release|Any CPU
		{9573E67E-3EF4-47FB-9C2A-45B88128EF4F}.Debug|Any CPU.ActiveCfg = Debug|Any CPU
		{9573E67E-3EF4-47FB-9C2A-45B88128EF4F}.Debug|Any CPU.Build.0 = Debug|Any CPU
		{9573E67E-3EF4-47FB-9C2A-45B88128EF4F}.Release|Any CPU.ActiveCfg = Release|Any CPU
		{9573E67E-3EF4-47FB-9C2A-45B88128EF4F}.Release|Any CPU.Build.0 = Release|Any CPU
	EndGlobalSection
	GlobalSection(SolutionProperties) = preSolution
		HideSolutionNode = FALSE
	EndGlobalSection
EndGlobal
